
Microsoft Visual Studio Solution File, Format Version 12.00
# Visual Studio Version 17
VisualStudioVersion = 17.0.31903.59
MinimumVisualStudioVersion = 10.0.40219.1
Project("{9A19103F-16F7-4668-BE54-9A1E7A4F7556}") = "csharp", "csharp\csharp.csproj", "{AE77C5D4-130F-4F26-B106-E6417E17D031}"
EndProject
Project("{6EC3EE1D-3C4E-46DD-8F32-0CC8E7565705}") = "fsharp", "fsharp\fsharp.fsproj", "{0D250C41-2742-4613-9956-CAAB637B65CB}"
EndProject
Global
	GlobalSection(SolutionConfigurationPlatforms) = preSolution
		Debug|Any CPU = Debug|Any CPU
		Release|Any CPU = Release|Any CPU
	EndGlobalSection
	GlobalSection(ProjectConfigurationPlatforms) = postSolution
		{AE77C5D4-130F-4F26-B106-E6417E17D031}.Debug|Any CPU.ActiveCfg = Debug|Any CPU
		{AE77C5D4-130F-4F26-B106-E6417E17D031}.Debug|Any CPU.Build.0 = Debug|Any CPU
		{AE77C5D4-130F-4F26-B106-E6417E17D031}.Release|Any CPU.ActiveCfg = Release|Any CPU
		{AE77C5D4-130F-4F26-B106-E6417E17D031}.Release|Any CPU.Build.0 = Release|Any CPU
		{0D250C41-2742-4613-9956-CAAB637B65CB}.Debug|Any CPU.ActiveCfg = Debug|Any CPU
		{0D250C41-2742-4613-9956-CAAB637B65CB}.Debug|Any CPU.Build.0 = Debug|Any CPU
		{0D250C41-2742-4613-9956-CAAB637B65CB}.Release|Any CPU.ActiveCfg = Release|Any CPU
		{0D250C41-2742-4613-9956-CAAB637B65CB}.Release|Any CPU.Build.0 = Release|Any CPU
	EndGlobalSection
	GlobalSection(SolutionProperties) = preSolution
		HideSolutionNode = FALSE
	EndGlobalSection
	GlobalSection(ExtensibilityGlobals) = postSolution
		SolutionGuid = {2E622680-A3C8-4DCD-9E51-DFCD56D9B2F2}
	EndGlobalSection
EndGlobal
